
Microsoft Visual Studio Solution File, Format Version 12.00
# Visual Studio Version 17
VisualStudioVersion = 17.1.32328.378
MinimumVisualStudioVersion = 10.0.40219.1
Project("{FAE04EC0-301F-11D3-BF4B-00C04F79EFBC}") = "HWWeb", "HWWeb\HWWeb.csproj", "{B512233D-5DEB-451F-B999-6BB2BD38A6F6}"
EndProject
Global
	GlobalSection(SolutionConfigurationPlatforms) = preSolution
		Debug|Any CPU = Debug|Any CPU
		Release|Any CPU = Release|Any CPU
	EndGlobalSection
	GlobalSection(ProjectConfigurationPlatforms) = postSolution
		{B512233D-5DEB-451F-B999-6BB2BD38A6F6}.Debug|Any CPU.ActiveCfg = Debug|Any CPU
		{B512233D-5DEB-451F-B999-6BB2BD38A6F6}.Debug|Any CPU.Build.0 = Debug|Any CPU
		{B512233D-5DEB-451F-B999-6BB2BD38A6F6}.Release|Any CPU.ActiveCfg = Release|Any CPU
		{B512233D-5DEB-451F-B999-6BB2BD38A6F6}.Release|Any CPU.Build.0 = Release|Any CPU
	EndGlobalSection
	GlobalSection(SolutionProperties) = preSolution
		HideSolutionNode = FALSE
	EndGlobalSection
	GlobalSection(ExtensibilityGlobals) = postSolution
		SolutionGuid = {9C5C2461-3702-4B8E-A13E-0402BFC3FB8E}
	EndGlobalSection
EndGlobal
